
Microsoft Visual Studio Solution File, Format Version 12.00
# Visual Studio Version 16
VisualStudioVersion = 16.0.33927.289
MinimumVisualStudioVersion = 10.0.40219.1
Project("{FAE04EC0-301F-11D3-BF4B-00C04F79EFBC}") = "Thi_GK_ThanhGiang", "Thi_GK_ThanhGiang\Thi_GK_ThanhGiang.csproj", "{43F142E0-2D3B-4A95-B70B-822B3009983E}"
EndProject
Global
	GlobalSection(SolutionConfigurationPlatforms) = preSolution
		Debug|Any CPU = Debug|Any CPU
		Release|Any CPU = Release|Any CPU
	EndGlobalSection
	GlobalSection(ProjectConfigurationPlatforms) = postSolution
		{43F142E0-2D3B-4A95-B70B-822B3009983E}.Debug|Any CPU.ActiveCfg = Debug|Any CPU
		{43F142E0-2D3B-4A95-B70B-822B3009983E}.Debug|Any CPU.Build.0 = Debug|Any CPU
		{43F142E0-2D3B-4A95-B70B-822B3009983E}.Release|Any CPU.ActiveCfg = Release|Any CPU
		{43F142E0-2D3B-4A95-B70B-822B3009983E}.Release|Any CPU.Build.0 = Release|Any CPU
	EndGlobalSection
	GlobalSection(SolutionProperties) = preSolution
		HideSolutionNode = FALSE
	EndGlobalSection
	GlobalSection(ExtensibilityGlobals) = postSolution
		SolutionGuid = {77F107A6-DF37-498E-90CE-DF6DF0DB3600}
	EndGlobalSection
EndGlobal
